
Microsoft Visual Studio Solution File, Format Version 12.00
# Visual Studio Version 17
VisualStudioVersion = 17.5.33414.496
MinimumVisualStudioVersion = 10.0.40219.1
Project("{FAE04EC0-301F-11D3-BF4B-00C04F79EFBC}") = "Entity Framework", "Entity Framework\Entity Framework.csproj", "{08E4F907-D85D-4E7B-9AB3-7287BB8D2D5F}"
EndProject
Global
	GlobalSection(SolutionConfigurationPlatforms) = preSolution
		Debug|Any CPU = Debug|Any CPU
		Release|Any CPU = Release|Any CPU
	EndGlobalSection
	GlobalSection(ProjectConfigurationPlatforms) = postSolution
		{08E4F907-D85D-4E7B-9AB3-7287BB8D2D5F}.Debug|Any CPU.ActiveCfg = Debug|Any CPU
		{08E4F907-D85D-4E7B-9AB3-7287BB8D2D5F}.Debug|Any CPU.Build.0 = Debug|Any CPU
		{08E4F907-D85D-4E7B-9AB3-7287BB8D2D5F}.Release|Any CPU.ActiveCfg = Release|Any CPU
		{08E4F907-D85D-4E7B-9AB3-7287BB8D2D5F}.Release|Any CPU.Build.0 = Release|Any CPU
	EndGlobalSection
	GlobalSection(SolutionProperties) = preSolution
		HideSolutionNode = FALSE
	EndGlobalSection
	GlobalSection(ExtensibilityGlobals) = postSolution
		SolutionGuid = {0FF81576-A85B-4D79-A07C-2E20C9CF2FFA}
	EndGlobalSection
EndGlobal
